// !$*UTF8*$!
{
	archiveVersion = 1;
	classes = {
	};
	objectVersion = 54;
	objects = {

/* Begin PBXBuildFile section */
		CED474B72D8CC4F5008CB8E4 /* NumberTileGame.swift in Sources */ = {isa = PBXBuildFile; fileRef = 1AE8BEF3193EF260007592BA /* NumberTileGame.swift */; };
		CED474B82D8CC4F5008CB8E4 /* AccessoryViews.swift in Sources */ = {isa = PBXBuildFile; fileRef = 1AF8F0B519403AA400A7049E /* AccessoryViews.swift */; };
		CED474B92D8CC4F5008CB8E4 /* TileView.swift in Sources */ = {isa = PBXBuildFile; fileRef = 1AE8BEF5193EF4B6007592BA /* TileView.swift */; };
		CED474BA2D8CC4F5008CB8E4 /* ViewController.swift in Sources */ = {isa = PBXBuildFile; fileRef = 1AC563E4193DCE6000402286 /* ViewController.swift */; };
		CED474BB2D8CC4F5008CB8E4 /* AppearanceProvider.swift in Sources */ = {isa = PBXBuildFile; fileRef = 1AE8BEF1193EF1C7007592BA /* AppearanceProvider.swift */; };
		CED474BC2D8CC4F5008CB8E4 /* AppDelegate.swift in Sources */ = {isa = PBXBuildFile; fileRef = 1AC563E2193DCE6000402286 /* AppDelegate.swift */; };
		CED474BD2D8CC4F5008CB8E4 /* GameModel.swift in Sources */ = {isa = PBXBuildFile; fileRef = 1AE339B1193DCF110081FFA4 /* GameModel.swift */; };
		CED474BE2D8CC4F5008CB8E4 /* AuxiliaryModels.swift in Sources */ = {isa = PBXBuildFile; fileRef = 1AF8F0B71941841000A7049E /* AuxiliaryModels.swift */; };
		CED474BF2D8CC4F5008CB8E4 /* GameboardView.swift in Sources */ = {isa = PBXBuildFile; fileRef = 1AE8BEEF193EEE24007592BA /* GameboardView.swift */; };
		CED474C22D8CC4F5008CB8E4 /* Launch Screen.storyboard in Resources */ = {isa = PBXBuildFile; fileRef = 1AEF46CF1BAE736400119D81 /* Launch Screen.storyboard */; };
		CED474C32D8CC4F5008CB8E4 /* Main.storyboard in Resources */ = {isa = PBXBuildFile; fileRef = 1AC563E6193DCE6000402286 /* Main.storyboard */; };
		CED474C42D8CC4F5008CB8E4 /* Images.xcassets in Resources */ = {isa = PBXBuildFile; fileRef = 1AC563E9193DCE6000402286 /* Images.xcassets */; };
/* End PBXBuildFile section */

/* Begin PBXFileReference section */
		1AC563E1193DCE6000402286 /* Info.plist */ = {isa = PBXFileReference; lastKnownFileType = text.plist.xml; path = Info.plist; sourceTree = "<group>"; };
		1AC563E2193DCE6000402286 /* AppDelegate.swift */ = {isa = PBXFileReference; lastKnownFileType = sourcecode.swift; path = AppDelegate.swift; sourceTree = "<group>"; };
		1AC563E4193DCE6000402286 /* ViewController.swift */ = {isa = PBXFileReference; lastKnownFileType = sourcecode.swift; path = ViewController.swift; sourceTree = "<group>"; };
		1AC563E7193DCE6000402286 /* Base */ = {isa = PBXFileReference; lastKnownFileType = file.storyboard; name = Base; path = Base.lproj/Main.storyboard; sourceTree = "<group>"; };
		1AC563E9193DCE6000402286 /* Images.xcassets */ = {isa = PBXFileReference; lastKnownFileType = folder.assetcatalog; path = Images.xcassets; sourceTree = "<group>"; };
		1AE339B1193DCF110081FFA4 /* GameModel.swift */ = {isa = PBXFileReference; fileEncoding = 4; lastKnownFileType = sourcecode.swift; name = GameModel.swift; path = Models/GameModel.swift; sourceTree = "<group>"; };
		1AE8BEEF193EEE24007592BA /* GameboardView.swift */ = {isa = PBXFileReference; fileEncoding = 4; lastKnownFileType = sourcecode.swift; name = GameboardView.swift; path = Views/GameboardView.swift; sourceTree = "<group>"; };
		1AE8BEF1193EF1C7007592BA /* AppearanceProvider.swift */ = {isa = PBXFileReference; fileEncoding = 4; lastKnownFileType = sourcecode.swift; path = AppearanceProvider.swift; sourceTree = "<group>"; };
		1AE8BEF3193EF260007592BA /* NumberTileGame.swift */ = {isa = PBXFileReference; fileEncoding = 4; lastKnownFileType = sourcecode.swift; path = NumberTileGame.swift; sourceTree = "<group>"; };
		1AE8BEF5193EF4B6007592BA /* TileView.swift */ = {isa = PBXFileReference; fileEncoding = 4; lastKnownFileType = sourcecode.swift; name = TileView.swift; path = Views/TileView.swift; sourceTree = "<group>"; };
		1AEF46CF1BAE736400119D81 /* Launch Screen.storyboard */ = {isa = PBXFileReference; fileEncoding = 4; lastKnownFileType = file.storyboard; path = "Launch Screen.storyboard"; sourceTree = "<group>"; };
		1AF8F0B519403AA400A7049E /* AccessoryViews.swift */ = {isa = PBXFileReference; fileEncoding = 4; lastKnownFileType = sourcecode.swift; name = AccessoryViews.swift; path = Views/AccessoryViews.swift; sourceTree = "<group>"; };
		1AF8F0B71941841000A7049E /* AuxiliaryModels.swift */ = {isa = PBXFileReference; fileEncoding = 4; lastKnownFileType = sourcecode.swift; name = AuxiliaryModels.swift; path = Models/AuxiliaryModels.swift; sourceTree = "<group>"; };
		CED474C82D8CC4F5008CB8E4 /* swift-2049.app */ = {isa = PBXFileReference; explicitFileType = wrapper.application; includeInIndex = 0; path = "swift-2049.app"; sourceTree = BUILT_PRODUCTS_DIR; };
/* End PBXFileReference section */

/* Begin PBXFrameworksBuildPhase section */
		CED474C02D8CC4F5008CB8E4 /* Frameworks */ = {
			isa = PBXFrameworksBuildPhase;
			buildActionMask = 2147483647;
			files = (
			);
			runOnlyForDeploymentPostprocessing = 0;
		};
/* End PBXFrameworksBuildPhase section */

/* Begin PBXGroup section */
		1AC563D4193DCE6000402286 = {
			isa = PBXGroup;
			children = (
				1AC563DF193DCE6000402286 /* swift-2049 */,
				1AC563DE193DCE6000402286 /* Products */,
			);
			sourceTree = "<group>";
		};
		1AC563DE193DCE6000402286 /* Products */ = {
			isa = PBXGroup;
			children = (
				CED474C82D8CC4F5008CB8E4 /* swift-2049.app */,
			);
			name = Products;
			sourceTree = "<group>";
		};
		1AC563DF193DCE6000402286 /* swift-2049 */ = {
			isa = PBXGroup;
			children = (
				1AEF46CF1BAE736400119D81 /* Launch Screen.storyboard */,
				1AC563E2193DCE6000402286 /* AppDelegate.swift */,
				1AC563E4193DCE6000402286 /* ViewController.swift */,
				1AC563E6193DCE6000402286 /* Main.storyboard */,
				1AC563E9193DCE6000402286 /* Images.xcassets */,
				1AC563E0193DCE6000402286 /* Supporting Files */,
				1AE339AF193DCE990081FFA4 /* Models */,
				1AE339B0193DCEAE0081FFA4 /* Views */,
				1AE8BEF3193EF260007592BA /* NumberTileGame.swift */,
				1AE8BEF1193EF1C7007592BA /* AppearanceProvider.swift */,
			);
			path = "swift-2049";
			sourceTree = "<group>";
		};
		1AC563E0193DCE6000402286 /* Supporting Files */ = {
			isa = PBXGroup;
			children = (
				1AC563E1193DCE6000402286 /* Info.plist */,
			);
			name = "Supporting Files";
			sourceTree = "<group>";
		};
		1AE339AF193DCE990081FFA4 /* Models */ = {
			isa = PBXGroup;
			children = (
				1AE339B1193DCF110081FFA4 /* GameModel.swift */,
				1AF8F0B71941841000A7049E /* AuxiliaryModels.swift */,
			);
			name = Models;
			sourceTree = "<group>";
		};
		1AE339B0193DCEAE0081FFA4 /* Views */ = {
			isa = PBXGroup;
			children = (
				1AF8F0B519403AA400A7049E /* AccessoryViews.swift */,
				1AE8BEEF193EEE24007592BA /* GameboardView.swift */,
				1AE8BEF5193EF4B6007592BA /* TileView.swift */,
			);
			name = Views;
			sourceTree = "<group>";
		};
/* End PBXGroup section */

/* Begin PBXNativeTarget section */
		CED474B52D8CC4F5008CB8E4 /* swift-2049 */ = {
			isa = PBXNativeTarget;
			buildConfigurationList = CED474C52D8CC4F5008CB8E4 /* Build configuration list for PBXNativeTarget "swift-2049" */;
			buildPhases = (
				CED474B62D8CC4F5008CB8E4 /* Sources */,
				CED474C02D8CC4F5008CB8E4 /* Frameworks */,
				CED474C12D8CC4F5008CB8E4 /* Resources */,
			);
			buildRules = (
			);
			dependencies = (
			);
			name = "swift-2049";
			productName = "swift-2048";
			productReference = CED474C82D8CC4F5008CB8E4 /* swift-2049.app */;
			productType = "com.apple.product-type.application";
		};
/* End PBXNativeTarget section */

/* Begin PBXProject section */
		1AC563D5193DCE6000402286 /* Project object */ = {
			isa = PBXProject;
			attributes = {
				BuildIndependentTargetsInParallel = YES;
				LastSwiftUpdateCheck = 0700;
				LastUpgradeCheck = 1620;
				ORGANIZATIONNAME = "Austin Zheng";
			};
			buildConfigurationList = 1AC563D8193DCE6000402286 /* Build configuration list for PBXProject "swift-2049" */;
			compatibilityVersion = "Xcode 6.3";
			developmentRegion = en;
			hasScannedForEncodings = 0;
			knownRegions = (
				en,
				Base,
			);
			mainGroup = 1AC563D4193DCE6000402286;
			productRefGroup = 1AC563DE193DCE6000402286 /* Products */;
			projectDirPath = "";
			projectRoot = "";
			targets = (
				CED474B52D8CC4F5008CB8E4 /* swift-2049 */,
			);
		};
/* End PBXProject section */

/* Begin PBXResourcesBuildPhase section */
		CED474C12D8CC4F5008CB8E4 /* Resources */ = {
			isa = PBXResourcesBuildPhase;
			buildActionMask = 2147483647;
			files = (
				CED474C22D8CC4F5008CB8E4 /* Launch Screen.storyboard in Resources */,
				CED474C32D8CC4F5008CB8E4 /* Main.storyboard in Resources */,
				CED474C42D8CC4F5008CB8E4 /* Images.xcassets in Resources */,
			);
			runOnlyForDeploymentPostprocessing = 0;
		};
/* End PBXResourcesBuildPhase section */

/* Begin PBXSourcesBuildPhase section */
		CED474B62D8CC4F5008CB8E4 /* Sources */ = {
			isa = PBXSourcesBuildPhase;
			buildActionMask = 2147483647;
			files = (
				CED474B72D8CC4F5008CB8E4 /* NumberTileGame.swift in Sources */,
				CED474B82D8CC4F5008CB8E4 /* AccessoryViews.swift in Sources */,
				CED474B92D8CC4F5008CB8E4 /* TileView.swift in Sources */,
				CED474BA2D8CC4F5008CB8E4 /* ViewController.swift in Sources */,
				CED474BB2D8CC4F5008CB8E4 /* AppearanceProvider.swift in Sources */,
				CED474BC2D8CC4F5008CB8E4 /* AppDelegate.swift in Sources */,
				CED474BD2D8CC4F5008CB8E4 /* GameModel.swift in Sources */,
				CED474BE2D8CC4F5008CB8E4 /* AuxiliaryModels.swift in Sources */,
				CED474BF2D8CC4F5008CB8E4 /* GameboardView.swift in Sources */,
			);
			runOnlyForDeploymentPostprocessing = 0;
		};
/* End PBXSourcesBuildPhase section */

/* Begin PBXVariantGroup section */
		1AC563E6193DCE6000402286 /* Main.storyboard */ = {
			isa = PBXVariantGroup;
			children = (
				1AC563E7193DCE6000402286 /* Base */,
			);
			name = Main.storyboard;
			sourceTree = "<group>";
		};
/* End PBXVariantGroup section */

/* Begin XCBuildConfiguration section */
		1AC563F7193DCE6000402286 /* Debug */ = {
			isa = XCBuildConfiguration;
			buildSettings = {
				ALWAYS_SEARCH_USER_PATHS = NO;
				CLANG_ANALYZER_LOCALIZABILITY_NONLOCALIZED = YES;
				CLANG_CXX_LANGUAGE_STANDARD = "gnu++0x";
				CLANG_CXX_LIBRARY = "libc++";
				CLANG_ENABLE_MODULES = YES;
				CLANG_ENABLE_OBJC_ARC = YES;
				CLANG_WARN_BLOCK_CAPTURE_AUTORELEASING = YES;
				CLANG_WARN_BOOL_CONVERSION = YES;
				CLANG_WARN_COMMA = YES;
				CLANG_WARN_CONSTANT_CONVERSION = YES;
				CLANG_WARN_DEPRECATED_OBJC_IMPLEMENTATIONS = YES;
				CLANG_WARN_DIRECT_OBJC_ISA_USAGE = YES_ERROR;
				CLANG_WARN_EMPTY_BODY = YES;
				CLANG_WARN_ENUM_CONVERSION = YES;
				CLANG_WARN_INFINITE_RECURSION = YES;
				CLANG_WARN_INT_CONVERSION = YES;
				CLANG_WARN_NON_LITERAL_NULL_CONVERSION = YES;
				CLANG_WARN_OBJC_IMPLICIT_RETAIN_SELF = YES;
				CLANG_WARN_OBJC_LITERAL_CONVERSION = YES;
				CLANG_WARN_OBJC_ROOT_CLASS = YES_ERROR;
				CLANG_WARN_QUOTED_INCLUDE_IN_FRAMEWORK_HEADER = YES;
				CLANG_WARN_RANGE_LOOP_ANALYSIS = YES;
				CLANG_WARN_STRICT_PROTOTYPES = YES;
				CLANG_WARN_SUSPICIOUS_MOVE = YES;
				CLANG_WARN_UNREACHABLE_CODE = YES;
				CLANG_WARN__DUPLICATE_METHOD_MATCH = YES;
				"CODE_SIGN_IDENTITY[sdk=iphoneos*]" = "iPhone Developer";
				COPY_PHASE_STRIP = NO;
				ENABLE_STRICT_OBJC_MSGSEND = YES;
				ENABLE_TESTABILITY = YES;
				ENABLE_USER_SCRIPT_SANDBOXING = YES;
				GCC_C_LANGUAGE_STANDARD = gnu99;
				GCC_DYNAMIC_NO_PIC = NO;
				GCC_NO_COMMON_BLOCKS = YES;
				GCC_OPTIMIZATION_LEVEL = 0;
				GCC_PREPROCESSOR_DEFINITIONS = (
					"DEBUG=1",
					"$(inherited)",
				);
				GCC_SYMBOLS_PRIVATE_EXTERN = NO;
				GCC_WARN_64_TO_32_BIT_CONVERSION = YES;
				GCC_WARN_ABOUT_RETURN_TYPE = YES_ERROR;
				GCC_WARN_UNDECLARED_SELECTOR = YES;
				GCC_WARN_UNINITIALIZED_AUTOS = YES_AGGRESSIVE;
				GCC_WARN_UNUSED_FUNCTION = YES;
				GCC_WARN_UNUSED_VARIABLE = YES;
				IPHONEOS_DEPLOYMENT_TARGET = 12.0;
				METAL_ENABLE_DEBUG_INFO = YES;
				ONLY_ACTIVE_ARCH = YES;
				SDKROOT = iphoneos;
				SWIFT_OPTIMIZATION_LEVEL = "-Onone";
				TARGETED_DEVICE_FAMILY = "1,2";
			};
			name = Debug;
		};
		1AC563F8193DCE6000402286 /* Release */ = {
			isa = XCBuildConfiguration;
			buildSettings = {
				ALWAYS_SEARCH_USER_PATHS = NO;
				CLANG_ANALYZER_LOCALIZABILITY_NONLOCALIZED = YES;
				CLANG_CXX_LANGUAGE_STANDARD = "gnu++0x";
				CLANG_CXX_LIBRARY = "libc++";
				CLANG_ENABLE_MODULES = YES;
				CLANG_ENABLE_OBJC_ARC = YES;
				CLANG_WARN_BLOCK_CAPTURE_AUTORELEASING = YES;
				CLANG_WARN_BOOL_CONVERSION = YES;
				CLANG_WARN_COMMA = YES;
				CLANG_WARN_CONSTANT_CONVERSION = YES;
				CLANG_WARN_DEPRECATED_OBJC_IMPLEMENTATIONS = YES;
				CLANG_WARN_DIRECT_OBJC_ISA_USAGE = YES_ERROR;
				CLANG_WARN_EMPTY_BODY = YES;
				CLANG_WARN_ENUM_CONVERSION = YES;
				CLANG_WARN_INFINITE_RECURSION = YES;
				CLANG_WARN_INT_CONVERSION = YES;
				CLANG_WARN_NON_LITERAL_NULL_CONVERSION = YES;
				CLANG_WARN_OBJC_IMPLICIT_RETAIN_SELF = YES;
				CLANG_WARN_OBJC_LITERAL_CONVERSION = YES;
				CLANG_WARN_OBJC_ROOT_CLASS = YES_ERROR;
				CLANG_WARN_QUOTED_INCLUDE_IN_FRAMEWORK_HEADER = YES;
				CLANG_WARN_RANGE_LOOP_ANALYSIS = YES;
				CLANG_WARN_STRICT_PROTOTYPES = YES;
				CLANG_WARN_SUSPICIOUS_MOVE = YES;
				CLANG_WARN_UNREACHABLE_CODE = YES;
				CLANG_WARN__DUPLICATE_METHOD_MATCH = YES;
				"CODE_SIGN_IDENTITY[sdk=iphoneos*]" = "iPhone Developer";
				COPY_PHASE_STRIP = YES;
				ENABLE_NS_ASSERTIONS = NO;
				ENABLE_STRICT_OBJC_MSGSEND = YES;
				ENABLE_USER_SCRIPT_SANDBOXING = YES;
				GCC_C_LANGUAGE_STANDARD = gnu99;
				GCC_NO_COMMON_BLOCKS = YES;
				GCC_WARN_64_TO_32_BIT_CONVERSION = YES;
				GCC_WARN_ABOUT_RETURN_TYPE = YES_ERROR;
				GCC_WARN_UNDECLARED_SELECTOR = YES;
				GCC_WARN_UNINITIALIZED_AUTOS = YES_AGGRESSIVE;
				GCC_WARN_UNUSED_FUNCTION = YES;
				GCC_WARN_UNUSED_VARIABLE = YES;
				IPHONEOS_DEPLOYMENT_TARGET = 12.0;
				METAL_ENABLE_DEBUG_INFO = NO;
				SDKROOT = iphoneos;
				SWIFT_COMPILATION_MODE = wholemodule;
				SWIFT_OPTIMIZATION_LEVEL = "-O";
				TARGETED_DEVICE_FAMILY = "1,2";
				VALIDATE_PRODUCT = YES;
			};
			name = Release;
		};
		CED474C62D8CC4F5008CB8E4 /* Debug */ = {
			isa = XCBuildConfiguration;
			buildSettings = {
				ASSETCATALOG_COMPILER_APPICON_NAME = AppIcon;
				INFOPLIST_FILE = "swift-2049/Info.plist";
				IPHONEOS_DEPLOYMENT_TARGET = 16.6;
				LD_RUNPATH_SEARCH_PATHS = (
					"$(inherited)",
					"@executable_path/Frameworks",
				);
				PRODUCT_BUNDLE_IDENTIFIER = "f3nghuang.${PRODUCT_NAME:rfc1034identifier}";
				PRODUCT_NAME = "$(TARGET_NAME)";
				SWIFT_SWIFT3_OBJC_INFERENCE = Off;
				SWIFT_VERSION = 4.0;
			};
			name = Debug;
		};
		CED474C72D8CC4F5008CB8E4 /* Release */ = {
			isa = XCBuildConfiguration;
			buildSettings = {
				ASSETCATALOG_COMPILER_APPICON_NAME = AppIcon;
				INFOPLIST_FILE = "swift-2049/Info.plist";
				IPHONEOS_DEPLOYMENT_TARGET = 16.6;
				LD_RUNPATH_SEARCH_PATHS = (
					"$(inherited)",
					"@executable_path/Frameworks",
				);
				PRODUCT_BUNDLE_IDENTIFIER = "f3nghuang.${PRODUCT_NAME:rfc1034identifier}";
				PRODUCT_NAME = "$(TARGET_NAME)";
				SWIFT_SWIFT3_OBJC_INFERENCE = Off;
				SWIFT_VERSION = 4.0;
			};
			name = Release;
		};
/* End XCBuildConfiguration section */

/* Begin XCConfigurationList section */
		1AC563D8193DCE6000402286 /* Build configuration list for PBXProject "swift-2049" */ = {
			isa = XCConfigurationList;
			buildConfigurations = (
				1AC563F7193DCE6000402286 /* Debug */,
				1AC563F8193DCE6000402286 /* Release */,
			);
			defaultConfigurationIsVisible = 0;
			defaultConfigurationName = Release;
		};
		CED474C52D8CC4F5008CB8E4 /* Build configuration list for PBXNativeTarget "swift-2049" */ = {
			isa = XCConfigurationList;
			buildConfigurations = (
				CED474C62D8CC4F5008CB8E4 /* Debug */,
				CED474C72D8CC4F5008CB8E4 /* Release */,
			);
			defaultConfigurationIsVisible = 0;
			defaultConfigurationName = Release;
		};
/* End XCConfigurationList section */
	};
	rootObject = 1AC563D5193DCE6000402286 /* Project object */;
}
